
Microsoft Visual Studio Solution File, Format Version 12.00
# Visual Studio Version 16
VisualStudioVersion = 16.0.30413.136
MinimumVisualStudioVersion = 10.0.40219.1
Project("{FAE04EC0-301F-11D3-BF4B-00C04F79EFBC}") = "AuthSystem", "AuthSystem\AuthSystem.csproj", "{2E886AF4-B208-422D-8FB9-38D136B59091}"
EndProject
Global
	GlobalSection(SolutionConfigurationPlatforms) = preSolution
		Debug|Any CPU = Debug|Any CPU
		Release|Any CPU = Release|Any CPU
	EndGlobalSection
	GlobalSection(ProjectConfigurationPlatforms) = postSolution
		{2E886AF4-B208-422D-8FB9-38D136B59091}.Debug|Any CPU.ActiveCfg = Debug|Any CPU
		{2E886AF4-B208-422D-8FB9-38D136B59091}.Debug|Any CPU.Build.0 = Debug|Any CPU
		{2E886AF4-B208-422D-8FB9-38D136B59091}.Release|Any CPU.ActiveCfg = Release|Any CPU
		{2E886AF4-B208-422D-8FB9-38D136B59091}.Release|Any CPU.Build.0 = Release|Any CPU
	EndGlobalSection
	GlobalSection(SolutionProperties) = preSolution
		HideSolutionNode = FALSE
	EndGlobalSection
	GlobalSection(ExtensibilityGlobals) = postSolution
		SolutionGuid = {6AA56AC0-68B9-4CC1-A55A-E9891F6A93A9}
	EndGlobalSection
EndGlobal
